
Microsoft Visual Studio Solution File, Format Version 12.00
# Visual Studio Version 17
VisualStudioVersion = 17.5.33502.453
MinimumVisualStudioVersion = 10.0.40219.1
Project("{9A19103F-16F7-4668-BE54-9A1E7A4F7556}") = "OtelService", "OtelService\OtelService.csproj", "{FA4F095D-3756-4F2A-A578-5E780DA4A81D}"
EndProject
Project("{9A19103F-16F7-4668-BE54-9A1E7A4F7556}") = "RaporService", "RaporService\RaporService.csproj", "{F0CE20E3-BF75-4793-A533-572A146C8455}"
EndProject
Project("{9A19103F-16F7-4668-BE54-9A1E7A4F7556}") = "Data.Entity", "Data.Entity\Data.Entity.csproj", "{4273F1AD-26CF-4EA0-899D-79693091DC4A}"
EndProject
Project("{9A19103F-16F7-4668-BE54-9A1E7A4F7556}") = "OtelService.Tests", "OtelService.Tests\OtelService.Tests.csproj", "{04F4C300-008A-48BA-987C-E0651706CD84}"
EndProject
Project("{2150E333-8FDC-42A3-9474-1A3956D46DE8}") = ".github", ".github", "{C1257F8D-ECC4-45DD-9C92-137702C7B9CD}"
EndProject
Project("{2150E333-8FDC-42A3-9474-1A3956D46DE8}") = "workflow", "workflow", "{C18B8F27-8430-4833-882D-9B3FCF5ECCFA}"
	ProjectSection(SolutionItems) = preProject
		dotnet.yml = dotnet.yml
	EndProjectSection
EndProject
Global
	GlobalSection(SolutionConfigurationPlatforms) = preSolution
		Debug|Any CPU = Debug|Any CPU
		Release|Any CPU = Release|Any CPU
	EndGlobalSection
	GlobalSection(ProjectConfigurationPlatforms) = postSolution
		{FA4F095D-3756-4F2A-A578-5E780DA4A81D}.Debug|Any CPU.ActiveCfg = Debug|Any CPU
		{FA4F095D-3756-4F2A-A578-5E780DA4A81D}.Debug|Any CPU.Build.0 = Debug|Any CPU
		{FA4F095D-3756-4F2A-A578-5E780DA4A81D}.Release|Any CPU.ActiveCfg = Release|Any CPU
		{FA4F095D-3756-4F2A-A578-5E780DA4A81D}.Release|Any CPU.Build.0 = Release|Any CPU
		{F0CE20E3-BF75-4793-A533-572A146C8455}.Debug|Any CPU.ActiveCfg = Debug|Any CPU
		{F0CE20E3-BF75-4793-A533-572A146C8455}.Debug|Any CPU.Build.0 = Debug|Any CPU
		{F0CE20E3-BF75-4793-A533-572A146C8455}.Release|Any CPU.ActiveCfg = Release|Any CPU
		{F0CE20E3-BF75-4793-A533-572A146C8455}.Release|Any CPU.Build.0 = Release|Any CPU
		{4273F1AD-26CF-4EA0-899D-79693091DC4A}.Debug|Any CPU.ActiveCfg = Debug|Any CPU
		{4273F1AD-26CF-4EA0-899D-79693091DC4A}.Debug|Any CPU.Build.0 = Debug|Any CPU
		{4273F1AD-26CF-4EA0-899D-79693091DC4A}.Release|Any CPU.ActiveCfg = Release|Any CPU
		{4273F1AD-26CF-4EA0-899D-79693091DC4A}.Release|Any CPU.Build.0 = Release|Any CPU
		{04F4C300-008A-48BA-987C-E0651706CD84}.Debug|Any CPU.ActiveCfg = Debug|Any CPU
		{04F4C300-008A-48BA-987C-E0651706CD84}.Debug|Any CPU.Build.0 = Debug|Any CPU
		{04F4C300-008A-48BA-987C-E0651706CD84}.Release|Any CPU.ActiveCfg = Release|Any CPU
		{04F4C300-008A-48BA-987C-E0651706CD84}.Release|Any CPU.Build.0 = Release|Any CPU
	EndGlobalSection
	GlobalSection(SolutionProperties) = preSolution
		HideSolutionNode = FALSE
	EndGlobalSection
	GlobalSection(NestedProjects) = preSolution
		{C18B8F27-8430-4833-882D-9B3FCF5ECCFA} = {C1257F8D-ECC4-45DD-9C92-137702C7B9CD}
	EndGlobalSection
	GlobalSection(ExtensibilityGlobals) = postSolution
		SolutionGuid = {CF06E348-9888-4F5B-8546-34095352DBEE}
	EndGlobalSection
EndGlobal
